
Microsoft Visual Studio Solution File, Format Version 12.00
# Visual Studio Version 16
VisualStudioVersion = 16.0.30717.126
MinimumVisualStudioVersion = 10.0.40219.1
Project("{2150E333-8FDC-42A3-9474-1A3956D46DE8}") = "Tests", "Tests", "{3D37FAE9-9E61-4664-BDFF-573160F7CE84}"
EndProject
Project("{9A19103F-16F7-4668-BE54-9A1E7A4F7556}") = "WeatherStation.Modules.ModuleName.Tests", "Tests\WeatherStation.Modules.ModuleName.Tests\WeatherStation.Modules.ModuleName.Tests.csproj", "{BEDF015F-CCB1-411D-AE1A-F5F4BE9E2889}"
EndProject
Project("{2150E333-8FDC-42A3-9474-1A3956D46DE8}") = "Modules", "Modules", "{2CD92128-BB24-4871-B352-A9EB08146DC5}"
EndProject
Project("{2150E333-8FDC-42A3-9474-1A3956D46DE8}") = "Services", "Services", "{854AC5F2-9BFA-4251-8B46-3FBB2CFBCC00}"
EndProject
Project("{9A19103F-16F7-4668-BE54-9A1E7A4F7556}") = "WeatherStation", "WeatherStation\WeatherStation.csproj", "{0A24E2AC-DD76-43B3-B937-6404374D118B}"
EndProject
Project("{9A19103F-16F7-4668-BE54-9A1E7A4F7556}") = "WeatherStation.Core", "WeatherStation.Core\WeatherStation.Core.csproj", "{7238674E-1518-48E2-B940-EC3F15536E68}"
EndProject
Project("{9A19103F-16F7-4668-BE54-9A1E7A4F7556}") = "WeatherStation.Modules.ConnectionDevice", "Modules\WeatherStation.Modules.ConnectionDevice\WeatherStation.Modules.ConnectionDevice.csproj", "{65B89481-6B55-47DF-9B39-65A2B4E43C2E}"
EndProject
Project("{9A19103F-16F7-4668-BE54-9A1E7A4F7556}") = "WeatherStation.Services.CommunicationService", "Services\WeatherStation.Services.CommunicationService\WeatherStation.Services.CommunicationService.csproj", "{A2DBD355-B39D-4977-9F1B-5A2252A469C6}"
EndProject
Project("{2150E333-8FDC-42A3-9474-1A3956D46DE8}") = "Tools", "Tools", "{60A41E32-0583-44D1-AD94-1F9FB0A1CBF2}"
EndProject
Project("{9A19103F-16F7-4668-BE54-9A1E7A4F7556}") = "Emulator", "Tools\Emulator\Emulator.csproj", "{49784234-906A-4897-9531-71F5055D665D}"
EndProject
Project("{9A19103F-16F7-4668-BE54-9A1E7A4F7556}") = "WeatherStation.Modules.RealtimeDataViewer", "WeatherStation.Modules.RealtimeDataViewer\WeatherStation.Modules.RealtimeDataViewer.csproj", "{8BF28F61-E95A-4237-9DAA-A6CEBE9AE7A2}"
EndProject
Project("{9A19103F-16F7-4668-BE54-9A1E7A4F7556}") = "WeatherStation.Modules.Archives", "WeatherStation.Modules.Archives\WeatherStation.Modules.Archives.csproj", "{2366030C-DDE0-46C8-9EBE-690D8B73A44E}"
EndProject
Global
	GlobalSection(SolutionConfigurationPlatforms) = preSolution
		Debug|Any CPU = Debug|Any CPU
		Release|Any CPU = Release|Any CPU
	EndGlobalSection
	GlobalSection(ProjectConfigurationPlatforms) = postSolution
		{BEDF015F-CCB1-411D-AE1A-F5F4BE9E2889}.Debug|Any CPU.ActiveCfg = Debug|Any CPU
		{BEDF015F-CCB1-411D-AE1A-F5F4BE9E2889}.Debug|Any CPU.Build.0 = Debug|Any CPU
		{BEDF015F-CCB1-411D-AE1A-F5F4BE9E2889}.Release|Any CPU.ActiveCfg = Release|Any CPU
		{BEDF015F-CCB1-411D-AE1A-F5F4BE9E2889}.Release|Any CPU.Build.0 = Release|Any CPU
		{0A24E2AC-DD76-43B3-B937-6404374D118B}.Debug|Any CPU.ActiveCfg = Debug|Any CPU
		{0A24E2AC-DD76-43B3-B937-6404374D118B}.Debug|Any CPU.Build.0 = Debug|Any CPU
		{0A24E2AC-DD76-43B3-B937-6404374D118B}.Release|Any CPU.ActiveCfg = Release|Any CPU
		{0A24E2AC-DD76-43B3-B937-6404374D118B}.Release|Any CPU.Build.0 = Release|Any CPU
		{7238674E-1518-48E2-B940-EC3F15536E68}.Debug|Any CPU.ActiveCfg = Debug|Any CPU
		{7238674E-1518-48E2-B940-EC3F15536E68}.Debug|Any CPU.Build.0 = Debug|Any CPU
		{7238674E-1518-48E2-B940-EC3F15536E68}.Release|Any CPU.ActiveCfg = Release|Any CPU
		{7238674E-1518-48E2-B940-EC3F15536E68}.Release|Any CPU.Build.0 = Release|Any CPU
		{65B89481-6B55-47DF-9B39-65A2B4E43C2E}.Debug|Any CPU.ActiveCfg = Debug|Any CPU
		{65B89481-6B55-47DF-9B39-65A2B4E43C2E}.Debug|Any CPU.Build.0 = Debug|Any CPU
		{65B89481-6B55-47DF-9B39-65A2B4E43C2E}.Release|Any CPU.ActiveCfg = Release|Any CPU
		{65B89481-6B55-47DF-9B39-65A2B4E43C2E}.Release|Any CPU.Build.0 = Release|Any CPU
		{A2DBD355-B39D-4977-9F1B-5A2252A469C6}.Debug|Any CPU.ActiveCfg = Debug|Any CPU
		{A2DBD355-B39D-4977-9F1B-5A2252A469C6}.Debug|Any CPU.Build.0 = Debug|Any CPU
		{A2DBD355-B39D-4977-9F1B-5A2252A469C6}.Release|Any CPU.ActiveCfg = Release|Any CPU
		{A2DBD355-B39D-4977-9F1B-5A2252A469C6}.Release|Any CPU.Build.0 = Release|Any CPU
		{49784234-906A-4897-9531-71F5055D665D}.Debug|Any CPU.ActiveCfg = Debug|Any CPU
		{49784234-906A-4897-9531-71F5055D665D}.Debug|Any CPU.Build.0 = Debug|Any CPU
		{49784234-906A-4897-9531-71F5055D665D}.Release|Any CPU.ActiveCfg = Release|Any CPU
		{49784234-906A-4897-9531-71F5055D665D}.Release|Any CPU.Build.0 = Release|Any CPU
		{8BF28F61-E95A-4237-9DAA-A6CEBE9AE7A2}.Debug|Any CPU.ActiveCfg = Debug|Any CPU
		{8BF28F61-E95A-4237-9DAA-A6CEBE9AE7A2}.Debug|Any CPU.Build.0 = Debug|Any CPU
		{8BF28F61-E95A-4237-9DAA-A6CEBE9AE7A2}.Release|Any CPU.ActiveCfg = Release|Any CPU
		{8BF28F61-E95A-4237-9DAA-A6CEBE9AE7A2}.Release|Any CPU.Build.0 = Release|Any CPU
		{2366030C-DDE0-46C8-9EBE-690D8B73A44E}.Debug|Any CPU.ActiveCfg = Debug|Any CPU
		{2366030C-DDE0-46C8-9EBE-690D8B73A44E}.Debug|Any CPU.Build.0 = Debug|Any CPU
		{2366030C-DDE0-46C8-9EBE-690D8B73A44E}.Release|Any CPU.ActiveCfg = Release|Any CPU
		{2366030C-DDE0-46C8-9EBE-690D8B73A44E}.Release|Any CPU.Build.0 = Release|Any CPU
	EndGlobalSection
	GlobalSection(SolutionProperties) = preSolution
		HideSolutionNode = FALSE
	EndGlobalSection
	GlobalSection(NestedProjects) = preSolution
		{BEDF015F-CCB1-411D-AE1A-F5F4BE9E2889} = {3D37FAE9-9E61-4664-BDFF-573160F7CE84}
		{65B89481-6B55-47DF-9B39-65A2B4E43C2E} = {2CD92128-BB24-4871-B352-A9EB08146DC5}
		{A2DBD355-B39D-4977-9F1B-5A2252A469C6} = {854AC5F2-9BFA-4251-8B46-3FBB2CFBCC00}
		{49784234-906A-4897-9531-71F5055D665D} = {60A41E32-0583-44D1-AD94-1F9FB0A1CBF2}
		{8BF28F61-E95A-4237-9DAA-A6CEBE9AE7A2} = {2CD92128-BB24-4871-B352-A9EB08146DC5}
		{2366030C-DDE0-46C8-9EBE-690D8B73A44E} = {2CD92128-BB24-4871-B352-A9EB08146DC5}
	EndGlobalSection
	GlobalSection(ExtensibilityGlobals) = postSolution
		SolutionGuid = {8B7D3482-EB90-4664-AF60-840A31DD9797}
	EndGlobalSection
EndGlobal
